// !$*UTF8*$!
{
	archiveVersion = 1;
	classes = {
	};
	objectVersion = 50;
	objects = {

/* Begin PBXBuildFile section */
		8E4113E022A0C28500AD78A2 /* main.cpp in Sources */ = {isa = PBXBuildFile; fileRef = 8E4113DF22A0C28500AD78A2 /* main.cpp */; };
		8E88F76722B34AC900AD6D5A /* Body.cpp in Sources */ = {isa = PBXBuildFile; fileRef = 8E88F76522B34AC900AD6D5A /* Body.cpp */; };
		8E88F76A22B34C0200AD6D5A /* World.cpp in Sources */ = {isa = PBXBuildFile; fileRef = 8E88F76822B34C0200AD6D5A /* World.cpp */; };
		8E88F76F22B479D100AD6D5A /* OpenGL.framework in Frameworks */ = {isa = PBXBuildFile; fileRef = 8E88F76E22B479D100AD6D5A /* OpenGL.framework */; };
		8E88F77122B479DB00AD6D5A /* libGLEW.2.1.0.dylib in Frameworks */ = {isa = PBXBuildFile; fileRef = 8E88F77022B479DB00AD6D5A /* libGLEW.2.1.0.dylib */; };
		8E88F77322B479E500AD6D5A /* libglfw.3.3.dylib in Frameworks */ = {isa = PBXBuildFile; fileRef = 8E88F77222B479E500AD6D5A /* libglfw.3.3.dylib */; };
		8E88F78222B6422C00AD6D5A /* DynamicTree.cpp in Sources */ = {isa = PBXBuildFile; fileRef = 8E88F78022B6422C00AD6D5A /* DynamicTree.cpp */; };
/* End PBXBuildFile section */

/* Begin PBXCopyFilesBuildPhase section */
		8E4113DA22A0C28500AD78A2 /* CopyFiles */ = {
			isa = PBXCopyFilesBuildPhase;
			buildActionMask = 2147483647;
			dstPath = /usr/share/man/man1/;
			dstSubfolderSpec = 0;
			files = (
			);
			runOnlyForDeploymentPostprocessing = 1;
		};
/* End PBXCopyFilesBuildPhase section */

/* Begin PBXFileReference section */
		8E3DE51222B7A8420047504D /* Obj.h */ = {isa = PBXFileReference; lastKnownFileType = sourcecode.c.h; path = Obj.h; sourceTree = "<group>"; };
		8E3DE51622BB9B770047504D /* Collision.h */ = {isa = PBXFileReference; lastKnownFileType = sourcecode.c.h; path = Collision.h; sourceTree = "<group>"; };
		8E4113DC22A0C28500AD78A2 /* Evolution */ = {isa = PBXFileReference; explicitFileType = "compiled.mach-o.executable"; includeInIndex = 0; path = Evolution; sourceTree = BUILT_PRODUCTS_DIR; };
		8E4113DF22A0C28500AD78A2 /* main.cpp */ = {isa = PBXFileReference; lastKnownFileType = sourcecode.cpp.cpp; path = main.cpp; sourceTree = "<group>"; };
		8E4113E622A0C29000AD78A2 /* common.h */ = {isa = PBXFileReference; lastKnownFileType = sourcecode.c.h; path = common.h; sourceTree = "<group>"; };
		8E88F76322B3035700AD6D5A /* Neuron.h */ = {isa = PBXFileReference; lastKnownFileType = sourcecode.c.h; path = Neuron.h; sourceTree = "<group>"; };
		8E88F76422B348F900AD6D5A /* Brain.h */ = {isa = PBXFileReference; lastKnownFileType = sourcecode.c.h; path = Brain.h; sourceTree = "<group>"; };
		8E88F76522B34AC900AD6D5A /* Body.cpp */ = {isa = PBXFileReference; lastKnownFileType = sourcecode.cpp.cpp; path = Body.cpp; sourceTree = "<group>"; };
		8E88F76622B34AC900AD6D5A /* Body.hpp */ = {isa = PBXFileReference; lastKnownFileType = sourcecode.cpp.h; path = Body.hpp; sourceTree = "<group>"; };
		8E88F76822B34C0200AD6D5A /* World.cpp */ = {isa = PBXFileReference; lastKnownFileType = sourcecode.cpp.cpp; path = World.cpp; sourceTree = "<group>"; };
		8E88F76922B34C0200AD6D5A /* World.hpp */ = {isa = PBXFileReference; lastKnownFileType = sourcecode.cpp.h; path = World.hpp; sourceTree = "<group>"; };
		8E88F76B22B3939C00AD6D5A /* Stick.h */ = {isa = PBXFileReference; lastKnownFileType = sourcecode.c.h; path = Stick.h; sourceTree = "<group>"; };
		8E88F76C22B4795400AD6D5A /* glUtils.h */ = {isa = PBXFileReference; fileEncoding = 4; lastKnownFileType = sourcecode.c.h; path = glUtils.h; sourceTree = "<group>"; };
		8E88F76D22B4796D00AD6D5A /* Graphics.h */ = {isa = PBXFileReference; lastKnownFileType = sourcecode.c.h; path = Graphics.h; sourceTree = "<group>"; };
		8E88F76E22B479D100AD6D5A /* OpenGL.framework */ = {isa = PBXFileReference; lastKnownFileType = wrapper.framework; name = OpenGL.framework; path = System/Library/Frameworks/OpenGL.framework; sourceTree = SDKROOT; };
		8E88F77022B479DB00AD6D5A /* libGLEW.2.1.0.dylib */ = {isa = PBXFileReference; lastKnownFileType = "compiled.mach-o.dylib"; name = libGLEW.2.1.0.dylib; path = ../../../../../usr/local/Cellar/glew/2.1.0/lib/libGLEW.2.1.0.dylib; sourceTree = "<group>"; };
		8E88F77222B479E500AD6D5A /* libglfw.3.3.dylib */ = {isa = PBXFileReference; lastKnownFileType = "compiled.mach-o.dylib"; name = libglfw.3.3.dylib; path = ../../../../../usr/local/Cellar/glfw/3.3/lib/libglfw.3.3.dylib; sourceTree = "<group>"; };
		8E88F77422B47B4700AD6D5A /* activation_functions.h */ = {isa = PBXFileReference; lastKnownFileType = sourcecode.c.h; path = activation_functions.h; sourceTree = "<group>"; };
		8E88F77522B47B7400AD6D5A /* vec2.h */ = {isa = PBXFileReference; lastKnownFileType = sourcecode.c.h; path = vec2.h; sourceTree = "<group>"; };
		8E88F77622B4BE3400AD6D5A /* color.h */ = {isa = PBXFileReference; lastKnownFileType = sourcecode.c.h; path = color.h; sourceTree = "<group>"; };
		8E88F77822B4D34700AD6D5A /* shape.vs */ = {isa = PBXFileReference; lastKnownFileType = sourcecode.glsl; path = shape.vs; sourceTree = "<group>"; };
		8E88F77922B4D35000AD6D5A /* fill.fs */ = {isa = PBXFileReference; lastKnownFileType = sourcecode.glsl; path = fill.fs; sourceTree = "<group>"; };
		8E88F77A22B4D35700AD6D5A /* common.glsl */ = {isa = PBXFileReference; lastKnownFileType = text; path = common.glsl; sourceTree = "<group>"; };
		8E88F77B22B4EFD500AD6D5A /* stick.vs */ = {isa = PBXFileReference; lastKnownFileType = sourcecode.glsl; path = stick.vs; sourceTree = "<group>"; };
		8E88F77E22B6309400AD6D5A /* Timer.h */ = {isa = PBXFileReference; lastKnownFileType = sourcecode.c.h; path = Timer.h; sourceTree = "<group>"; };
		8E88F77F22B63D9300AD6D5A /* bar.vs */ = {isa = PBXFileReference; lastKnownFileType = sourcecode.glsl; path = bar.vs; sourceTree = "<group>"; };
		8E88F78022B6422C00AD6D5A /* DynamicTree.cpp */ = {isa = PBXFileReference; lastKnownFileType = sourcecode.cpp.cpp; path = DynamicTree.cpp; sourceTree = "<group>"; };
		8E88F78122B6422C00AD6D5A /* DynamicTree.hpp */ = {isa = PBXFileReference; lastKnownFileType = sourcecode.cpp.h; path = DynamicTree.hpp; sourceTree = "<group>"; };
/* End PBXFileReference section */

/* Begin PBXFrameworksBuildPhase section */
		8E4113D922A0C28500AD78A2 /* Frameworks */ = {
			isa = PBXFrameworksBuildPhase;
			buildActionMask = 2147483647;
			files = (
				8E88F77322B479E500AD6D5A /* libglfw.3.3.dylib in Frameworks */,
				8E88F77122B479DB00AD6D5A /* libGLEW.2.1.0.dylib in Frameworks */,
				8E88F76F22B479D100AD6D5A /* OpenGL.framework in Frameworks */,
			);
			runOnlyForDeploymentPostprocessing = 0;
		};
/* End PBXFrameworksBuildPhase section */

/* Begin PBXGroup section */
		8E3DE51322BB9B3F0047504D /* Graphics */ = {
			isa = PBXGroup;
			children = (
				8E88F76D22B4796D00AD6D5A /* Graphics.h */,
				8E88F76C22B4795400AD6D5A /* glUtils.h */,
			);
			path = Graphics;
			sourceTree = "<group>";
		};
		8E3DE51422BB9B520047504D /* common */ = {
			isa = PBXGroup;
			children = (
				8E88F77E22B6309400AD6D5A /* Timer.h */,
				8E88F77522B47B7400AD6D5A /* vec2.h */,
				8E88F77422B47B4700AD6D5A /* activation_functions.h */,
				8E88F77622B4BE3400AD6D5A /* color.h */,
				8E4113E622A0C29000AD78A2 /* common.h */,
			);
			path = common;
			sourceTree = "<group>";
		};
		8E3DE51522BB9B600047504D /* Brain */ = {
			isa = PBXGroup;
			children = (
				8E88F76422B348F900AD6D5A /* Brain.h */,
				8E88F76322B3035700AD6D5A /* Neuron.h */,
			);
			path = Brain;
			sourceTree = "<group>";
		};
		8E3DE51722BB9B810047504D /* Collision */ = {
			isa = PBXGroup;
			children = (
				8E88F78022B6422C00AD6D5A /* DynamicTree.cpp */,
				8E88F78122B6422C00AD6D5A /* DynamicTree.hpp */,
				8E3DE51622BB9B770047504D /* Collision.h */,
			);
			path = Collision;
			sourceTree = "<group>";
		};
		8E3DE51822BB9BD20047504D /* Obj */ = {
			isa = PBXGroup;
			children = (
				8E88F76522B34AC900AD6D5A /* Body.cpp */,
				8E88F76622B34AC900AD6D5A /* Body.hpp */,
				8E88F76B22B3939C00AD6D5A /* Stick.h */,
				8E3DE51222B7A8420047504D /* Obj.h */,
			);
			path = Obj;
			sourceTree = "<group>";
		};
		8E4113D322A0C28500AD78A2 = {
			isa = PBXGroup;
			children = (
				8E4113DE22A0C28500AD78A2 /* Evolution */,
				8E4113DD22A0C28500AD78A2 /* Products */,
				8E4113E722A0C29800AD78A2 /* Frameworks */,
			);
			sourceTree = "<group>";
		};
		8E4113DD22A0C28500AD78A2 /* Products */ = {
			isa = PBXGroup;
			children = (
				8E4113DC22A0C28500AD78A2 /* Evolution */,
			);
			name = Products;
			sourceTree = "<group>";
		};
		8E4113DE22A0C28500AD78A2 /* Evolution */ = {
			isa = PBXGroup;
			children = (
				8E4113DF22A0C28500AD78A2 /* main.cpp */,
				8E3DE51322BB9B3F0047504D /* Graphics */,
				8E88F76822B34C0200AD6D5A /* World.cpp */,
				8E88F76922B34C0200AD6D5A /* World.hpp */,
				8E3DE51822BB9BD20047504D /* Obj */,
				8E3DE51722BB9B810047504D /* Collision */,
				8E3DE51522BB9B600047504D /* Brain */,
				8E3DE51422BB9B520047504D /* common */,
				8E88F77722B4D30E00AD6D5A /* glsl */,
			);
			path = Evolution;
			sourceTree = "<group>";
		};
		8E4113E722A0C29800AD78A2 /* Frameworks */ = {
			isa = PBXGroup;
			children = (
				8E88F77222B479E500AD6D5A /* libglfw.3.3.dylib */,
				8E88F77022B479DB00AD6D5A /* libGLEW.2.1.0.dylib */,
				8E88F76E22B479D100AD6D5A /* OpenGL.framework */,
			);
			name = Frameworks;
			sourceTree = "<group>";
		};
		8E88F77722B4D30E00AD6D5A /* glsl */ = {
			isa = PBXGroup;
			children = (
				8E88F77822B4D34700AD6D5A /* shape.vs */,
				8E88F77F22B63D9300AD6D5A /* bar.vs */,
				8E88F77B22B4EFD500AD6D5A /* stick.vs */,
				8E88F77922B4D35000AD6D5A /* fill.fs */,
				8E88F77A22B4D35700AD6D5A /* common.glsl */,
			);
			path = glsl;
			sourceTree = "<group>";
		};
/* End PBXGroup section */

/* Begin PBXNativeTarget section */
		8E4113DB22A0C28500AD78A2 /* Evolution */ = {
			isa = PBXNativeTarget;
			buildConfigurationList = 8E4113E322A0C28500AD78A2 /* Build configuration list for PBXNativeTarget "Evolution" */;
			buildPhases = (
				8E4113D822A0C28500AD78A2 /* Sources */,
				8E4113D922A0C28500AD78A2 /* Frameworks */,
				8E4113DA22A0C28500AD78A2 /* CopyFiles */,
			);
			buildRules = (
			);
			dependencies = (
			);
			name = Evolution;
			productName = Evolution;
			productReference = 8E4113DC22A0C28500AD78A2 /* Evolution */;
			productType = "com.apple.product-type.tool";
		};
/* End PBXNativeTarget section */

/* Begin PBXProject section */
		8E4113D422A0C28500AD78A2 /* Project object */ = {
			isa = PBXProject;
			attributes = {
				LastUpgradeCheck = 1000;
				ORGANIZATIONNAME = "Arthur Sun";
				TargetAttributes = {
					8E4113DB22A0C28500AD78A2 = {
						CreatedOnToolsVersion = 10.0;
					};
				};
			};
			buildConfigurationList = 8E4113D722A0C28500AD78A2 /* Build configuration list for PBXProject "Evolution" */;
			compatibilityVersion = "Xcode 9.3";
			developmentRegion = en;
			hasScannedForEncodings = 0;
			knownRegions = (
				en,
			);
			mainGroup = 8E4113D322A0C28500AD78A2;
			productRefGroup = 8E4113DD22A0C28500AD78A2 /* Products */;
			projectDirPath = "";
			projectRoot = "";
			targets = (
				8E4113DB22A0C28500AD78A2 /* Evolution */,
			);
		};
/* End PBXProject section */

/* Begin PBXSourcesBuildPhase section */
		8E4113D822A0C28500AD78A2 /* Sources */ = {
			isa = PBXSourcesBuildPhase;
			buildActionMask = 2147483647;
			files = (
				8E4113E022A0C28500AD78A2 /* main.cpp in Sources */,
				8E88F78222B6422C00AD6D5A /* DynamicTree.cpp in Sources */,
				8E88F76722B34AC900AD6D5A /* Body.cpp in Sources */,
				8E88F76A22B34C0200AD6D5A /* World.cpp in Sources */,
			);
			runOnlyForDeploymentPostprocessing = 0;
		};
/* End PBXSourcesBuildPhase section */

/* Begin XCBuildConfiguration section */
		8E4113E122A0C28500AD78A2 /* Debug */ = {
			isa = XCBuildConfiguration;
			buildSettings = {
				ALWAYS_SEARCH_USER_PATHS = NO;
				CLANG_ANALYZER_NONNULL = YES;
				CLANG_ANALYZER_NUMBER_OBJECT_CONVERSION = YES_AGGRESSIVE;
				CLANG_CXX_LANGUAGE_STANDARD = "gnu++14";
				CLANG_CXX_LIBRARY = "libc++";
				CLANG_ENABLE_MODULES = YES;
				CLANG_ENABLE_OBJC_ARC = YES;
				CLANG_ENABLE_OBJC_WEAK = YES;
				CLANG_WARN_BLOCK_CAPTURE_AUTORELEASING = YES;
				CLANG_WARN_BOOL_CONVERSION = YES;
				CLANG_WARN_COMMA = YES;
				CLANG_WARN_CONSTANT_CONVERSION = YES;
				CLANG_WARN_DEPRECATED_OBJC_IMPLEMENTATIONS = YES;
				CLANG_WARN_DIRECT_OBJC_ISA_USAGE = YES_ERROR;
				CLANG_WARN_DOCUMENTATION_COMMENTS = YES;
				CLANG_WARN_EMPTY_BODY = YES;
				CLANG_WARN_ENUM_CONVERSION = YES;
				CLANG_WARN_INFINITE_RECURSION = YES;
				CLANG_WARN_INT_CONVERSION = YES;
				CLANG_WARN_NON_LITERAL_NULL_CONVERSION = YES;
				CLANG_WARN_OBJC_IMPLICIT_RETAIN_SELF = YES;
				CLANG_WARN_OBJC_LITERAL_CONVERSION = YES;
				CLANG_WARN_OBJC_ROOT_CLASS = YES_ERROR;
				CLANG_WARN_RANGE_LOOP_ANALYSIS = YES;
				CLANG_WARN_STRICT_PROTOTYPES = YES;
				CLANG_WARN_SUSPICIOUS_MOVE = YES;
				CLANG_WARN_UNGUARDED_AVAILABILITY = YES_AGGRESSIVE;
				CLANG_WARN_UNREACHABLE_CODE = YES;
				CLANG_WARN__DUPLICATE_METHOD_MATCH = YES;
				CODE_SIGN_IDENTITY = "Mac Developer";
				COPY_PHASE_STRIP = NO;
				DEBUG_INFORMATION_FORMAT = dwarf;
				ENABLE_STRICT_OBJC_MSGSEND = YES;
				ENABLE_TESTABILITY = YES;
				GCC_C_LANGUAGE_STANDARD = gnu11;
				GCC_DYNAMIC_NO_PIC = NO;
				GCC_NO_COMMON_BLOCKS = YES;
				GCC_OPTIMIZATION_LEVEL = 0;
				GCC_PREPROCESSOR_DEFINITIONS = (
					"DEBUG=1",
					"$(inherited)",
				);
				GCC_WARN_64_TO_32_BIT_CONVERSION = YES;
				GCC_WARN_ABOUT_RETURN_TYPE = YES_ERROR;
				GCC_WARN_UNDECLARED_SELECTOR = YES;
				GCC_WARN_UNINITIALIZED_AUTOS = YES_AGGRESSIVE;
				GCC_WARN_UNUSED_FUNCTION = YES;
				GCC_WARN_UNUSED_VARIABLE = YES;
				MACOSX_DEPLOYMENT_TARGET = 10.13;
				MTL_ENABLE_DEBUG_INFO = INCLUDE_SOURCE;
				ONLY_ACTIVE_ARCH = YES;
				SDKROOT = macosx;
			};
			name = Debug;
		};
		8E4113E222A0C28500AD78A2 /* Release */ = {
			isa = XCBuildConfiguration;
			buildSettings = {
				ALWAYS_SEARCH_USER_PATHS = NO;
				CLANG_ANALYZER_NONNULL = YES;
				CLANG_ANALYZER_NUMBER_OBJECT_CONVERSION = YES_AGGRESSIVE;
				CLANG_CXX_LANGUAGE_STANDARD = "gnu++14";
				CLANG_CXX_LIBRARY = "libc++";
				CLANG_ENABLE_MODULES = YES;
				CLANG_ENABLE_OBJC_ARC = YES;
				CLANG_ENABLE_OBJC_WEAK = YES;
				CLANG_WARN_BLOCK_CAPTURE_AUTORELEASING = YES;
				CLANG_WARN_BOOL_CONVERSION = YES;
				CLANG_WARN_COMMA = YES;
				CLANG_WARN_CONSTANT_CONVERSION = YES;
				CLANG_WARN_DEPRECATED_OBJC_IMPLEMENTATIONS = YES;
				CLANG_WARN_DIRECT_OBJC_ISA_USAGE = YES_ERROR;
				CLANG_WARN_DOCUMENTATION_COMMENTS = YES;
				CLANG_WARN_EMPTY_BODY = YES;
				CLANG_WARN_ENUM_CONVERSION = YES;
				CLANG_WARN_INFINITE_RECURSION = YES;
				CLANG_WARN_INT_CONVERSION = YES;
				CLANG_WARN_NON_LITERAL_NULL_CONVERSION = YES;
				CLANG_WARN_OBJC_IMPLICIT_RETAIN_SELF = YES;
				CLANG_WARN_OBJC_LITERAL_CONVERSION = YES;
				CLANG_WARN_OBJC_ROOT_CLASS = YES_ERROR;
				CLANG_WARN_RANGE_LOOP_ANALYSIS = YES;
				CLANG_WARN_STRICT_PROTOTYPES = YES;
				CLANG_WARN_SUSPICIOUS_MOVE = YES;
				CLANG_WARN_UNGUARDED_AVAILABILITY = YES_AGGRESSIVE;
				CLANG_WARN_UNREACHABLE_CODE = YES;
				CLANG_WARN__DUPLICATE_METHOD_MATCH = YES;
				CODE_SIGN_IDENTITY = "Mac Developer";
				COPY_PHASE_STRIP = NO;
				DEBUG_INFORMATION_FORMAT = "dwarf-with-dsym";
				ENABLE_NS_ASSERTIONS = NO;
				ENABLE_STRICT_OBJC_MSGSEND = YES;
				GCC_C_LANGUAGE_STANDARD = gnu11;
				GCC_NO_COMMON_BLOCKS = YES;
				GCC_WARN_64_TO_32_BIT_CONVERSION = YES;
				GCC_WARN_ABOUT_RETURN_TYPE = YES_ERROR;
				GCC_WARN_UNDECLARED_SELECTOR = YES;
				GCC_WARN_UNINITIALIZED_AUTOS = YES_AGGRESSIVE;
				GCC_WARN_UNUSED_FUNCTION = YES;
				GCC_WARN_UNUSED_VARIABLE = YES;
				MACOSX_DEPLOYMENT_TARGET = 10.13;
				MTL_ENABLE_DEBUG_INFO = NO;
				SDKROOT = macosx;
			};
			name = Release;
		};
		8E4113E422A0C28500AD78A2 /* Debug */ = {
			isa = XCBuildConfiguration;
			buildSettings = {
				CODE_SIGN_STYLE = Automatic;
				DEVELOPMENT_TEAM = CDS6RVS6JM;
				GCC_OPTIMIZATION_LEVEL = s;
				GCC_SHORT_ENUMS = NO;
				HEADER_SEARCH_PATHS = /usr/local/include;
				LIBRARY_SEARCH_PATHS = (
					"$(inherited)",
					/usr/local/Cellar/glew/2.1.0/lib,
					/usr/local/Cellar/glfw/3.3/lib,
				);
				PRODUCT_NAME = "$(TARGET_NAME)";
			};
			name = Debug;
		};
		8E4113E522A0C28500AD78A2 /* Release */ = {
			isa = XCBuildConfiguration;
			buildSettings = {
				CODE_SIGN_STYLE = Automatic;
				DEVELOPMENT_TEAM = CDS6RVS6JM;
				GCC_OPTIMIZATION_LEVEL = s;
				GCC_SHORT_ENUMS = NO;
				HEADER_SEARCH_PATHS = /usr/local/include;
				LIBRARY_SEARCH_PATHS = (
					"$(inherited)",
					/usr/local/Cellar/glew/2.1.0/lib,
					/usr/local/Cellar/glfw/3.3/lib,
				);
				PRODUCT_NAME = "$(TARGET_NAME)";
			};
			name = Release;
		};
/* End XCBuildConfiguration section */

/* Begin XCConfigurationList section */
		8E4113D722A0C28500AD78A2 /* Build configuration list for PBXProject "Evolution" */ = {
			isa = XCConfigurationList;
			buildConfigurations = (
				8E4113E122A0C28500AD78A2 /* Debug */,
				8E4113E222A0C28500AD78A2 /* Release */,
			);
			defaultConfigurationIsVisible = 0;
			defaultConfigurationName = Release;
		};
		8E4113E322A0C28500AD78A2 /* Build configuration list for PBXNativeTarget "Evolution" */ = {
			isa = XCConfigurationList;
			buildConfigurations = (
				8E4113E422A0C28500AD78A2 /* Debug */,
				8E4113E522A0C28500AD78A2 /* Release */,
			);
			defaultConfigurationIsVisible = 0;
			defaultConfigurationName = Release;
		};
/* End XCConfigurationList section */
	};
	rootObject = 8E4113D422A0C28500AD78A2 /* Project object */;
}
